
Microsoft Visual Studio Solution File, Format Version 12.00
Project("{FAE04EC0-301F-11D3-BF4B-00C04F79EFBC}") = "ParallelProgrammingRevision", "ParallelProgrammingRevision\ParallelProgrammingRevision.csproj", "{CBCAD6BD-0903-4156-BDD4-41232A965B74}"
EndProject
Global
	GlobalSection(SolutionConfigurationPlatforms) = preSolution
		Debug|Any CPU = Debug|Any CPU
		Release|Any CPU = Release|Any CPU
	EndGlobalSection
	GlobalSection(ProjectConfigurationPlatforms) = postSolution
		{CBCAD6BD-0903-4156-BDD4-41232A965B74}.Debug|Any CPU.ActiveCfg = Debug|Any CPU
		{CBCAD6BD-0903-4156-BDD4-41232A965B74}.Debug|Any CPU.Build.0 = Debug|Any CPU
		{CBCAD6BD-0903-4156-BDD4-41232A965B74}.Release|Any CPU.ActiveCfg = Release|Any CPU
		{CBCAD6BD-0903-4156-BDD4-41232A965B74}.Release|Any CPU.Build.0 = Release|Any CPU
	EndGlobalSection
EndGlobal
